
Microsoft Visual Studio Solution File, Format Version 12.00
# Visual Studio 2013
VisualStudioVersion = 12.0.30723.0
MinimumVisualStudioVersion = 10.0.40219.1
Project("{FAE04EC0-301F-11D3-BF4B-00C04F79EFBC}") = "PavL", "PavL\PavL.csproj", "{DDCA9D8B-599D-46D0-BD9F-5CE5BAD35DC1}"
EndProject
Project("{FAE04EC0-301F-11D3-BF4B-00C04F79EFBC}") = "ConsoleLogger", "ConsoleLogger\ConsoleLogger.csproj", "{26B6C73B-1515-4747-9CD5-A8A145133D4C}"
EndProject
Project("{FAE04EC0-301F-11D3-BF4B-00C04F79EFBC}") = "PavL.Client", "PavL.Client\PavL.Client.csproj", "{8F49CE80-E179-48FE-BAE6-07A2F964F73C}"
EndProject
Project("{FAE04EC0-301F-11D3-BF4B-00C04F79EFBC}") = "PavLClientConsole", "PavLClientConsole\PavLClientConsole.csproj", "{1E3006DD-55C6-4000-A391-55814A953C18}"
EndProject
Project("{FAE04EC0-301F-11D3-BF4B-00C04F79EFBC}") = "PavLClientFile", "PavLClientFile\PavLClientFile.csproj", "{1AB74CC6-98B7-4B49-B2D4-EFDA7EBD470D}"
EndProject
Project("{FAE04EC0-301F-11D3-BF4B-00C04F79EFBC}") = "PavL.Common", "PavL.Common\PavL.Common.csproj", "{A18DEACC-134B-49E0-A1D3-4138714605A7}"
EndProject
Project("{FAE04EC0-301F-11D3-BF4B-00C04F79EFBC}") = "PavL.Common_UnitTests", "PavL.Common_UnitTests\PavL.Common_UnitTests.csproj", "{6844E327-C40E-4FC4-A46A-0E84DBEBC0DB}"
EndProject
Global
	GlobalSection(SolutionConfigurationPlatforms) = preSolution
		Debug|Any CPU = Debug|Any CPU
		Release|Any CPU = Release|Any CPU
	EndGlobalSection
	GlobalSection(ProjectConfigurationPlatforms) = postSolution
		{DDCA9D8B-599D-46D0-BD9F-5CE5BAD35DC1}.Debug|Any CPU.ActiveCfg = Debug|Any CPU
		{DDCA9D8B-599D-46D0-BD9F-5CE5BAD35DC1}.Debug|Any CPU.Build.0 = Debug|Any CPU
		{DDCA9D8B-599D-46D0-BD9F-5CE5BAD35DC1}.Release|Any CPU.ActiveCfg = Release|Any CPU
		{DDCA9D8B-599D-46D0-BD9F-5CE5BAD35DC1}.Release|Any CPU.Build.0 = Release|Any CPU
		{26B6C73B-1515-4747-9CD5-A8A145133D4C}.Debug|Any CPU.ActiveCfg = Debug|Any CPU
		{26B6C73B-1515-4747-9CD5-A8A145133D4C}.Debug|Any CPU.Build.0 = Debug|Any CPU
		{26B6C73B-1515-4747-9CD5-A8A145133D4C}.Release|Any CPU.ActiveCfg = Release|Any CPU
		{26B6C73B-1515-4747-9CD5-A8A145133D4C}.Release|Any CPU.Build.0 = Release|Any CPU
		{8F49CE80-E179-48FE-BAE6-07A2F964F73C}.Debug|Any CPU.ActiveCfg = Debug|Any CPU
		{8F49CE80-E179-48FE-BAE6-07A2F964F73C}.Debug|Any CPU.Build.0 = Debug|Any CPU
		{8F49CE80-E179-48FE-BAE6-07A2F964F73C}.Release|Any CPU.ActiveCfg = Release|Any CPU
		{8F49CE80-E179-48FE-BAE6-07A2F964F73C}.Release|Any CPU.Build.0 = Release|Any CPU
		{1E3006DD-55C6-4000-A391-55814A953C18}.Debug|Any CPU.ActiveCfg = Debug|Any CPU
		{1E3006DD-55C6-4000-A391-55814A953C18}.Debug|Any CPU.Build.0 = Debug|Any CPU
		{1E3006DD-55C6-4000-A391-55814A953C18}.Release|Any CPU.ActiveCfg = Release|Any CPU
		{1E3006DD-55C6-4000-A391-55814A953C18}.Release|Any CPU.Build.0 = Release|Any CPU
		{1AB74CC6-98B7-4B49-B2D4-EFDA7EBD470D}.Debug|Any CPU.ActiveCfg = Debug|Any CPU
		{1AB74CC6-98B7-4B49-B2D4-EFDA7EBD470D}.Debug|Any CPU.Build.0 = Debug|Any CPU
		{1AB74CC6-98B7-4B49-B2D4-EFDA7EBD470D}.Release|Any CPU.ActiveCfg = Release|Any CPU
		{1AB74CC6-98B7-4B49-B2D4-EFDA7EBD470D}.Release|Any CPU.Build.0 = Release|Any CPU
		{A18DEACC-134B-49E0-A1D3-4138714605A7}.Debug|Any CPU.ActiveCfg = Debug|Any CPU
		{A18DEACC-134B-49E0-A1D3-4138714605A7}.Debug|Any CPU.Build.0 = Debug|Any CPU
		{A18DEACC-134B-49E0-A1D3-4138714605A7}.Release|Any CPU.ActiveCfg = Release|Any CPU
		{A18DEACC-134B-49E0-A1D3-4138714605A7}.Release|Any CPU.Build.0 = Release|Any CPU
		{6844E327-C40E-4FC4-A46A-0E84DBEBC0DB}.Debug|Any CPU.ActiveCfg = Debug|Any CPU
		{6844E327-C40E-4FC4-A46A-0E84DBEBC0DB}.Debug|Any CPU.Build.0 = Debug|Any CPU
		{6844E327-C40E-4FC4-A46A-0E84DBEBC0DB}.Release|Any CPU.ActiveCfg = Release|Any CPU
		{6844E327-C40E-4FC4-A46A-0E84DBEBC0DB}.Release|Any CPU.Build.0 = Release|Any CPU
	EndGlobalSection
	GlobalSection(SolutionProperties) = preSolution
		HideSolutionNode = FALSE
	EndGlobalSection
EndGlobal
